
Microsoft Visual Studio Solution File, Format Version 12.00
# Visual Studio Version 17
VisualStudioVersion = 17.8.34525.116
MinimumVisualStudioVersion = 10.0.40219.1
Project("{2150E333-8FDC-42A3-9474-1A3956D46DE8}") = "Sources", "Sources", "{D2357037-E7FC-466D-9318-D2F4DE4E3E27}"
EndProject
Project("{2150E333-8FDC-42A3-9474-1A3956D46DE8}") = "Barber", "Barber", "{790BF62F-2277-4FDF-B03A-89A627A11D31}"
EndProject
Project("{2150E333-8FDC-42A3-9474-1A3956D46DE8}") = "Receptionist", "Receptionist", "{AC9F07D5-4D0B-4A26-BD11-44EA8E0BF5B9}"
EndProject
Project("{FAE04EC0-301F-11D3-BF4B-00C04F79EFBC}") = "Reception.Domain", "Reception.Domain\Reception.Domain.csproj", "{5BFFD905-64E9-4BDC-BF83-52AB2216818D}"
EndProject
Project("{FAE04EC0-301F-11D3-BF4B-00C04F79EFBC}") = "Reception.Application", "Reception.Application\Reception.Application.csproj", "{EAE42B6E-45BE-4B96-BE24-5B9A2BB6AFFD}"
EndProject
Project("{FAE04EC0-301F-11D3-BF4B-00C04F79EFBC}") = "Reception.Infrastructure", "Reception.Infrastructure\Reception.Infrastructure.csproj", "{BAD3557B-2DF6-4A96-96A9-45C8486474B1}"
EndProject
Project("{FAE04EC0-301F-11D3-BF4B-00C04F79EFBC}") = "Reception.API", "Reception.API\Reception.API.csproj", "{C6304082-10FD-4684-BE65-17D3FBACCF9D}"
EndProject
Global
	GlobalSection(SolutionConfigurationPlatforms) = preSolution
		Debug|Any CPU = Debug|Any CPU
		Release|Any CPU = Release|Any CPU
	EndGlobalSection
	GlobalSection(ProjectConfigurationPlatforms) = postSolution
		{5BFFD905-64E9-4BDC-BF83-52AB2216818D}.Debug|Any CPU.ActiveCfg = Debug|Any CPU
		{5BFFD905-64E9-4BDC-BF83-52AB2216818D}.Debug|Any CPU.Build.0 = Debug|Any CPU
		{5BFFD905-64E9-4BDC-BF83-52AB2216818D}.Release|Any CPU.ActiveCfg = Release|Any CPU
		{5BFFD905-64E9-4BDC-BF83-52AB2216818D}.Release|Any CPU.Build.0 = Release|Any CPU
		{EAE42B6E-45BE-4B96-BE24-5B9A2BB6AFFD}.Debug|Any CPU.ActiveCfg = Debug|Any CPU
		{EAE42B6E-45BE-4B96-BE24-5B9A2BB6AFFD}.Debug|Any CPU.Build.0 = Debug|Any CPU
		{EAE42B6E-45BE-4B96-BE24-5B9A2BB6AFFD}.Release|Any CPU.ActiveCfg = Release|Any CPU
		{EAE42B6E-45BE-4B96-BE24-5B9A2BB6AFFD}.Release|Any CPU.Build.0 = Release|Any CPU
		{BAD3557B-2DF6-4A96-96A9-45C8486474B1}.Debug|Any CPU.ActiveCfg = Debug|Any CPU
		{BAD3557B-2DF6-4A96-96A9-45C8486474B1}.Debug|Any CPU.Build.0 = Debug|Any CPU
		{BAD3557B-2DF6-4A96-96A9-45C8486474B1}.Release|Any CPU.ActiveCfg = Release|Any CPU
		{BAD3557B-2DF6-4A96-96A9-45C8486474B1}.Release|Any CPU.Build.0 = Release|Any CPU
		{C6304082-10FD-4684-BE65-17D3FBACCF9D}.Debug|Any CPU.ActiveCfg = Debug|Any CPU
		{C6304082-10FD-4684-BE65-17D3FBACCF9D}.Debug|Any CPU.Build.0 = Debug|Any CPU
		{C6304082-10FD-4684-BE65-17D3FBACCF9D}.Release|Any CPU.ActiveCfg = Release|Any CPU
		{C6304082-10FD-4684-BE65-17D3FBACCF9D}.Release|Any CPU.Build.0 = Release|Any CPU
	EndGlobalSection
	GlobalSection(SolutionProperties) = preSolution
		HideSolutionNode = FALSE
	EndGlobalSection
	GlobalSection(NestedProjects) = preSolution
		{790BF62F-2277-4FDF-B03A-89A627A11D31} = {D2357037-E7FC-466D-9318-D2F4DE4E3E27}
		{AC9F07D5-4D0B-4A26-BD11-44EA8E0BF5B9} = {D2357037-E7FC-466D-9318-D2F4DE4E3E27}
		{5BFFD905-64E9-4BDC-BF83-52AB2216818D} = {AC9F07D5-4D0B-4A26-BD11-44EA8E0BF5B9}
		{EAE42B6E-45BE-4B96-BE24-5B9A2BB6AFFD} = {AC9F07D5-4D0B-4A26-BD11-44EA8E0BF5B9}
		{BAD3557B-2DF6-4A96-96A9-45C8486474B1} = {AC9F07D5-4D0B-4A26-BD11-44EA8E0BF5B9}
		{C6304082-10FD-4684-BE65-17D3FBACCF9D} = {AC9F07D5-4D0B-4A26-BD11-44EA8E0BF5B9}
	EndGlobalSection
	GlobalSection(ExtensibilityGlobals) = postSolution
		SolutionGuid = {81AA9658-CB06-4DB6-8965-0CAB577E3D44}
	EndGlobalSection
EndGlobal
